
Microsoft Visual Studio Solution File, Format Version 12.00
# Visual Studio Version 16
VisualStudioVersion = 16.0.28822.285
MinimumVisualStudioVersion = 15.0.26124.0
Project("{9A19103F-16F7-4668-BE54-9A1E7A4F7556}") = "ElthenBlade", "ElthenBlade.csproj", "{179872BC-161F-4451-A9CF-1D78983ADE57}"
EndProject
Project("{9A19103F-16F7-4668-BE54-9A1E7A4F7556}") = "MonoGame.Extended", "MonoGame.Extended\Source\MonoGame.Extended\MonoGame.Extended.csproj", "{635F7AB9-EE78-4F82-BE31-5E9E7AF4A08D}"
EndProject
Global
	GlobalSection(SolutionConfigurationPlatforms) = preSolution
		Debug|Any CPU = Debug|Any CPU
		Release|Any CPU = Release|Any CPU
	EndGlobalSection
	GlobalSection(ProjectConfigurationPlatforms) = postSolution
		{179872BC-161F-4451-A9CF-1D78983ADE57}.Debug|Any CPU.ActiveCfg = Debug|Any CPU
		{179872BC-161F-4451-A9CF-1D78983ADE57}.Debug|Any CPU.Build.0 = Debug|Any CPU
		{179872BC-161F-4451-A9CF-1D78983ADE57}.Release|Any CPU.ActiveCfg = Release|Any CPU
		{179872BC-161F-4451-A9CF-1D78983ADE57}.Release|Any CPU.Build.0 = Release|Any CPU
		{635F7AB9-EE78-4F82-BE31-5E9E7AF4A08D}.Debug|Any CPU.ActiveCfg = Debug|Any CPU
		{635F7AB9-EE78-4F82-BE31-5E9E7AF4A08D}.Debug|Any CPU.Build.0 = Debug|Any CPU
		{635F7AB9-EE78-4F82-BE31-5E9E7AF4A08D}.Release|Any CPU.ActiveCfg = Release|Any CPU
		{635F7AB9-EE78-4F82-BE31-5E9E7AF4A08D}.Release|Any CPU.Build.0 = Release|Any CPU
	EndGlobalSection
	GlobalSection(SolutionProperties) = preSolution
		HideSolutionNode = FALSE
	EndGlobalSection
	GlobalSection(ExtensibilityGlobals) = postSolution
		SolutionGuid = {695AC279-3856-4F7D-B439-376553DA8206}
	EndGlobalSection
EndGlobal
